
Microsoft Visual Studio Solution File, Format Version 12.00
# Visual Studio Version 17
VisualStudioVersion = 17.5.33502.453
MinimumVisualStudioVersion = 10.0.40219.1
Project("{FAE04EC0-301F-11D3-BF4B-00C04F79EFBC}") = "Bookingcom", "Bookingcom\Bookingcom.csproj", "{538D0200-D407-4702-8D00-B08902962432}"
EndProject
Global
	GlobalSection(SolutionConfigurationPlatforms) = preSolution
		Debug|Any CPU = Debug|Any CPU
		Release|Any CPU = Release|Any CPU
	EndGlobalSection
	GlobalSection(ProjectConfigurationPlatforms) = postSolution
		{538D0200-D407-4702-8D00-B08902962432}.Debug|Any CPU.ActiveCfg = Debug|Any CPU
		{538D0200-D407-4702-8D00-B08902962432}.Debug|Any CPU.Build.0 = Debug|Any CPU
		{538D0200-D407-4702-8D00-B08902962432}.Release|Any CPU.ActiveCfg = Release|Any CPU
		{538D0200-D407-4702-8D00-B08902962432}.Release|Any CPU.Build.0 = Release|Any CPU
	EndGlobalSection
	GlobalSection(SolutionProperties) = preSolution
		HideSolutionNode = FALSE
	EndGlobalSection
	GlobalSection(ExtensibilityGlobals) = postSolution
		SolutionGuid = {65D1FABF-BB21-4BBA-864E-0C0039514579}
	EndGlobalSection
EndGlobal
